{
    "_meta": {
        "hash": {
            "sha256": "c7454cae9904dc09dca51dce1a8abde27cc5d5307757295a2fe7803c94f08c84"
        },
        "pipfile-spec": 6,
        "requires": {
            "python_version": "3.7"
        },
        "sources": [
            {
                "name": "pypi",
                "url": "https://pypi.org/simple",
                "verify_ssl": true
            }
        ]
    },
    "default": {
        "altgraph": {
            "hashes": [
                "sha256:d6814989f242b2b43025cba7161fc1b8fb487a62cd49c49245d6fd01c18ac997",
                "sha256:ddf5320017147ba7b810198e0b6619bd7b5563aa034da388cea8546b877f9b0c"
            ],
            "version": "==0.16.1"
        },
        "boto3": {
            "hashes": [
                "sha256:0f915edb23c82a5e9f4d6956e7e172191006f57af4747d9a0e52056b708cc35c",
                "sha256:317adb3640991dc16a65f093a835a9249263100e3e65a9ab4e3f2a9eeb237e8a"
            ],
            "version": "==1.9.127"
        },
        "botocore": {
            "hashes": [
                "sha256:b62cb7948d3e3c9a7c3708d2c5bc13f4ca7e68c4c53768ce366f3026a75ef394",
                "sha256:be21b6c2a441c0fd18d472691559680056f37609b64779c966625f59ecb2bbbb"
            ],
            "version": "==1.12.127"
        },
        "docutils": {
            "hashes": [
                "sha256:02aec4bd92ab067f6ff27a38a38a41173bf01bed8f89157768c1573f53e474a6",
                "sha256:51e64ef2ebfb29cae1faa133b3710143496eca21c530f3f71424d77687764274",
                "sha256:7a4bd47eaf6596e1295ecb11361139febe29b084a87bf005bf899f9a42edc3c6"
            ],
            "version": "==0.14"
        },
        "fbs": {
            "hashes": [
                "sha256:34f985e17adc1722a888fea013c80bd54649ccbeadcd5b540a6325b926066603"
            ],
            "index": "pypi",
            "version": "==0.7.3"
        },
        "future": {
            "hashes": [
                "sha256:67045236dcfd6816dc439556d009594abf643e5eb48992e36beac09c2ca659b8"
            ],
            "version": "==0.17.1"
        },
        "jmespath": {
            "hashes": [
                "sha256:3720a4b1bd659dd2eecad0666459b9788813e032b83e7ba58578e48254e0a0e6",
                "sha256:bde2aef6f44302dfb30320115b17d030798de8c4110e28d5cf6cf91a7a31074c"
            ],
            "version": "==0.9.4"
        },
        "macholib": {
            "hashes": [
                "sha256:ac02d29898cf66f27510d8f39e9112ae00590adb4a48ec57b25028d6962b1ae1",
                "sha256:c4180ffc6f909bf8db6cd81cff4b6f601d575568f4d5dee148c830e9851eb9db"
            ],
            "version": "==1.11"
        },
        "pefile": {
            "hashes": [
                "sha256:4c5b7e2de0c8cb6c504592167acf83115cbbde01fe4a507c16a1422850e86cd6"
            ],
            "version": "==2018.8.8"
        },
        "pyinstaller": {
            "hashes": [
                "sha256:a5a6e04a66abfcf8761e89a2ebad937919c6be33a7b8963e1a961b55cb35986b"
            ],
            "index": "pypi",
            "version": "==3.4"
        },
        "pyqt5": {
            "hashes": [
                "sha256:020e8771ad66429587d3db6cceb028be3435e2c65f417dcc8e3b3e644b6ab1d7",
                "sha256:399fd9c3b3786210d9d2a86bc73255cc03c997b454480b7c0daf3e1a09e1ab58",
                "sha256:c0565737d1d5fd40a7e14b6692bfec1f1e1f0be082ae70d1776c44561980e3c4",
                "sha256:d4e88208dfd017636e4b1f407990d0c3b6cf47afed6be4f2fb6ca887ef513e4b"
            ],
            "index": "pypi",
            "version": "==5.12.1"
        },
        "pyqt5-sip": {
            "hashes": [
                "sha256:0aed4266e52f4d11947439d9df8c57d4578e92258ad0d70645f9f69b627b35c7",
                "sha256:15750a4a3718c68ba662eede7310612aedad70c9727497908bf2eeddd255d16f",
                "sha256:2071265b7a603354b624b6cfae4ea032719e341799fb925961fd192f328fd203",
                "sha256:31a59f76168df007b480b9382256c20f8898c642e1394df2990559f0f6389f66",
                "sha256:39ce455bf5be5c1b20db10d840a536f70c3454be3baa7adca22f67ed90507853",
                "sha256:5d8a4b8e75fa6c9f837ea92793f1aeacbf3929f1d11cdf36f9604c1876182aca",
                "sha256:6bf9bacac776257390dd3f8a703d12c8228e4eb1aa0b191f1550965f44e4c23a",
                "sha256:87a76841e07e6dae5df34dded427708b5ea8d605c017e0bb6e56a7354959271e",
                "sha256:9f0ad4198f2657da9d59a393c266959362c517445cace842051e5ad564fa8fb0",
                "sha256:cbb0f24e3bfa1403bf3a05f30066d4457509aa411d6c6823d02b0508b787b8ea",
                "sha256:d38d379fa4f5c86a8ea92b8fab42748f37de093d21a25c34b2339eb2764ee5d5",
                "sha256:f24413d34707525a0fe1448b9574089242b9baa7c604ae5714abef9ad1749839"
            ],
            "version": "==4.19.15"
        },
        "python-dateutil": {
            "hashes": [
                "sha256:7e6584c74aeed623791615e26efd690f29817a27c73085b78e4bad02493df2fb",
                "sha256:c89805f6f4d64db21ed966fda138f8a5ed7a4fdbc1a8ee329ce1b74e3c74da9e"
            ],
            "markers": "python_version >= '2.7'",
            "version": "==2.8.0"
        },
        "s3transfer": {
            "hashes": [
                "sha256:7b9ad3213bff7d357f888e0fab5101b56fa1a0548ee77d121c3a3dbfbef4cb2e",
                "sha256:f23d5cb7d862b104401d9021fc82e5fa0e0cf57b7660a1331425aab0c691d021"
            ],
            "version": "==0.2.0"
        },
        "six": {
            "hashes": [
                "sha256:3350809f0555b11f552448330d0b52d5f24c91a322ea4a15ef22629740f3761c",
                "sha256:d16a0141ec1a18405cd4ce8b4613101da75da0e9a7aec5bdd4fa804d0e0eba73"
            ],
            "version": "==1.12.0"
        },
        "urllib3": {
            "hashes": [
                "sha256:61bf29cada3fc2fbefad4fdf059ea4bd1b4a86d2b6d15e1c7c0b582b9752fe39",
                "sha256:de9529817c93f27c8ccbfead6985011db27bd0ddfcdb2d86f3f663385c6a9c22"
            ],
            "markers": "python_version >= '3.4'",
            "version": "==1.24.1"
        }
    },
    "develop": {}
}
